
Microsoft Visual Studio Solution File, Format Version 12.00
# Visual Studio Version 16
VisualStudioVersion = 16.0.29503.13
MinimumVisualStudioVersion = 10.0.40219.1
Project("{9A19103F-16F7-4668-BE54-9A1E7A4F7556}") = "BookingOffline.Web", "BookingOffline.Web\BookingOffline.Web.csproj", "{4ED1CB8A-C748-4DE2-AEB1-9ECB48C28AFB}"
EndProject
Project("{9A19103F-16F7-4668-BE54-9A1E7A4F7556}") = "BookingOffline.Services", "BookingOffline.Services\BookingOffline.Services.csproj", "{45797219-77FB-4EAA-9546-690CDD049827}"
EndProject
Project("{9A19103F-16F7-4668-BE54-9A1E7A4F7556}") = "BookingOffline.Common", "BookingOffline.Common\BookingOffline.Common.csproj", "{10CE8AF6-83C9-46C0-A252-38CB0991C5EE}"
EndProject
Project("{9A19103F-16F7-4668-BE54-9A1E7A4F7556}") = "BookingOffline.Repositories", "BookingOffline.Repositories\BookingOffline.Repositories.csproj", "{6BFB6F5B-B20F-44D4-A476-F4B7046EE386}"
EndProject
Project("{9A19103F-16F7-4668-BE54-9A1E7A4F7556}") = "BookingOffline.Entities", "BookingOffline.Entities\BookingOffline.Entities.csproj", "{38CBD263-A6F7-402A-BDBE-96049FE812A7}"
EndProject
Project("{9A19103F-16F7-4668-BE54-9A1E7A4F7556}") = "BookingOffline.Services.Tests", "BookingOfflline.Services.Tests\BookingOffline.Services.Tests.csproj", "{A9E6D834-9EFF-45A4-949A-D29EC41E35A9}"
EndProject
Project("{FAE04EC0-301F-11D3-BF4B-00C04F79EFBC}") = "BookingOffline.Repositories.SqlServer", "BookingOffline.Repositories.SqlServer\BookingOffline.Repositories.SqlServer.csproj", "{549AA24E-C1CB-45B5-B81F-7497E43C4F92}"
EndProject
Project("{FAE04EC0-301F-11D3-BF4B-00C04F79EFBC}") = "BookingOffline.Repositories.Sqlite", "BookingOffline.Repositories.Sqlite\BookingOffline.Repositories.Sqlite.csproj", "{1DACAFDF-9BEF-4F7D-A16B-E4DA7643EFC1}"
EndProject
Global
	GlobalSection(SolutionConfigurationPlatforms) = preSolution
		Debug|Any CPU = Debug|Any CPU
		Release|Any CPU = Release|Any CPU
	EndGlobalSection
	GlobalSection(ProjectConfigurationPlatforms) = postSolution
		{4ED1CB8A-C748-4DE2-AEB1-9ECB48C28AFB}.Debug|Any CPU.ActiveCfg = Debug|Any CPU
		{4ED1CB8A-C748-4DE2-AEB1-9ECB48C28AFB}.Debug|Any CPU.Build.0 = Debug|Any CPU
		{4ED1CB8A-C748-4DE2-AEB1-9ECB48C28AFB}.Release|Any CPU.ActiveCfg = Release|Any CPU
		{4ED1CB8A-C748-4DE2-AEB1-9ECB48C28AFB}.Release|Any CPU.Build.0 = Release|Any CPU
		{45797219-77FB-4EAA-9546-690CDD049827}.Debug|Any CPU.ActiveCfg = Debug|Any CPU
		{45797219-77FB-4EAA-9546-690CDD049827}.Debug|Any CPU.Build.0 = Debug|Any CPU
		{45797219-77FB-4EAA-9546-690CDD049827}.Release|Any CPU.ActiveCfg = Release|Any CPU
		{45797219-77FB-4EAA-9546-690CDD049827}.Release|Any CPU.Build.0 = Release|Any CPU
		{10CE8AF6-83C9-46C0-A252-38CB0991C5EE}.Debug|Any CPU.ActiveCfg = Debug|Any CPU
		{10CE8AF6-83C9-46C0-A252-38CB0991C5EE}.Debug|Any CPU.Build.0 = Debug|Any CPU
		{10CE8AF6-83C9-46C0-A252-38CB0991C5EE}.Release|Any CPU.ActiveCfg = Release|Any CPU
		{10CE8AF6-83C9-46C0-A252-38CB0991C5EE}.Release|Any CPU.Build.0 = Release|Any CPU
		{6BFB6F5B-B20F-44D4-A476-F4B7046EE386}.Debug|Any CPU.ActiveCfg = Debug|Any CPU
		{6BFB6F5B-B20F-44D4-A476-F4B7046EE386}.Debug|Any CPU.Build.0 = Debug|Any CPU
		{6BFB6F5B-B20F-44D4-A476-F4B7046EE386}.Release|Any CPU.ActiveCfg = Release|Any CPU
		{6BFB6F5B-B20F-44D4-A476-F4B7046EE386}.Release|Any CPU.Build.0 = Release|Any CPU
		{38CBD263-A6F7-402A-BDBE-96049FE812A7}.Debug|Any CPU.ActiveCfg = Debug|Any CPU
		{38CBD263-A6F7-402A-BDBE-96049FE812A7}.Debug|Any CPU.Build.0 = Debug|Any CPU
		{38CBD263-A6F7-402A-BDBE-96049FE812A7}.Release|Any CPU.ActiveCfg = Release|Any CPU
		{38CBD263-A6F7-402A-BDBE-96049FE812A7}.Release|Any CPU.Build.0 = Release|Any CPU
		{A9E6D834-9EFF-45A4-949A-D29EC41E35A9}.Debug|Any CPU.ActiveCfg = Debug|Any CPU
		{A9E6D834-9EFF-45A4-949A-D29EC41E35A9}.Debug|Any CPU.Build.0 = Debug|Any CPU
		{A9E6D834-9EFF-45A4-949A-D29EC41E35A9}.Release|Any CPU.ActiveCfg = Release|Any CPU
		{A9E6D834-9EFF-45A4-949A-D29EC41E35A9}.Release|Any CPU.Build.0 = Release|Any CPU
		{549AA24E-C1CB-45B5-B81F-7497E43C4F92}.Debug|Any CPU.ActiveCfg = Debug|Any CPU
		{549AA24E-C1CB-45B5-B81F-7497E43C4F92}.Debug|Any CPU.Build.0 = Debug|Any CPU
		{549AA24E-C1CB-45B5-B81F-7497E43C4F92}.Release|Any CPU.ActiveCfg = Release|Any CPU
		{549AA24E-C1CB-45B5-B81F-7497E43C4F92}.Release|Any CPU.Build.0 = Release|Any CPU
		{1DACAFDF-9BEF-4F7D-A16B-E4DA7643EFC1}.Debug|Any CPU.ActiveCfg = Debug|Any CPU
		{1DACAFDF-9BEF-4F7D-A16B-E4DA7643EFC1}.Debug|Any CPU.Build.0 = Debug|Any CPU
		{1DACAFDF-9BEF-4F7D-A16B-E4DA7643EFC1}.Release|Any CPU.ActiveCfg = Release|Any CPU
		{1DACAFDF-9BEF-4F7D-A16B-E4DA7643EFC1}.Release|Any CPU.Build.0 = Release|Any CPU
	EndGlobalSection
	GlobalSection(SolutionProperties) = preSolution
		HideSolutionNode = FALSE
	EndGlobalSection
	GlobalSection(ExtensibilityGlobals) = postSolution
		SolutionGuid = {076F7F64-9D07-449A-9DA7-C6DA19167905}
	EndGlobalSection
EndGlobal
